
Microsoft Visual Studio Solution File, Format Version 12.00
# Visual Studio 14
VisualStudioVersion = 14.0.24720.0
MinimumVisualStudioVersion = 10.0.40219.1
Project("{FAE04EC0-301F-11D3-BF4B-00C04F79EFBC}") = "MVCDemo", "MVCDemo\MVCDemo.csproj", "{CBBF64BF-267E-44EF-8FAA-EDCFAA8F2647}"
EndProject
Project("{2150E333-8FDC-42A3-9474-1A3956D46DE8}") = "View And Controller", "View And Controller", "{A8B198CE-1515-4BF9-8C11-BF602DD2DA8A}"
EndProject
Project("{2150E333-8FDC-42A3-9474-1A3956D46DE8}") = "Model", "Model", "{EAAFFF3B-7D45-4AC7-AFA4-07FFC49BCA84}"
EndProject
Project("{2150E333-8FDC-42A3-9474-1A3956D46DE8}") = "ViewModel", "ViewModel", "{F2150137-9A6F-4973-AA92-5C933A8B76E5}"
EndProject
Project("{2150E333-8FDC-42A3-9474-1A3956D46DE8}") = "Data Access Layer", "Data Access Layer", "{02D6F68E-4E5C-466E-A5EF-AAE234CE91AC}"
EndProject
Project("{FAE04EC0-301F-11D3-BF4B-00C04F79EFBC}") = "DataAccessLayer", "DataAccessLayer\DataAccessLayer.csproj", "{FEEF32E8-957B-4D24-9837-F5D6F78DC432}"
EndProject
Project("{FAE04EC0-301F-11D3-BF4B-00C04F79EFBC}") = "BusinessLayer", "BusinessLayer\BusinessLayer.csproj", "{8A97EBB6-BA29-41B0-BA2D-1EC5DC8E2C94}"
EndProject
Project("{FAE04EC0-301F-11D3-BF4B-00C04F79EFBC}") = "BusinessEntities", "BusinessEntities\BusinessEntities.csproj", "{97CE2B42-7C2E-4174-8374-13811F562018}"
EndProject
Project("{FAE04EC0-301F-11D3-BF4B-00C04F79EFBC}") = "ViewModel", "ViewModel\ViewModel.csproj", "{52484D8B-BCBA-48EB-BE28-D32DC3A6B461}"
EndProject
Global
	GlobalSection(SolutionConfigurationPlatforms) = preSolution
		Debug|Any CPU = Debug|Any CPU
		Release|Any CPU = Release|Any CPU
	EndGlobalSection
	GlobalSection(ProjectConfigurationPlatforms) = postSolution
		{CBBF64BF-267E-44EF-8FAA-EDCFAA8F2647}.Debug|Any CPU.ActiveCfg = Debug|Any CPU
		{CBBF64BF-267E-44EF-8FAA-EDCFAA8F2647}.Debug|Any CPU.Build.0 = Debug|Any CPU
		{CBBF64BF-267E-44EF-8FAA-EDCFAA8F2647}.Release|Any CPU.ActiveCfg = Release|Any CPU
		{CBBF64BF-267E-44EF-8FAA-EDCFAA8F2647}.Release|Any CPU.Build.0 = Release|Any CPU
		{FEEF32E8-957B-4D24-9837-F5D6F78DC432}.Debug|Any CPU.ActiveCfg = Debug|Any CPU
		{FEEF32E8-957B-4D24-9837-F5D6F78DC432}.Debug|Any CPU.Build.0 = Debug|Any CPU
		{FEEF32E8-957B-4D24-9837-F5D6F78DC432}.Release|Any CPU.ActiveCfg = Release|Any CPU
		{FEEF32E8-957B-4D24-9837-F5D6F78DC432}.Release|Any CPU.Build.0 = Release|Any CPU
		{8A97EBB6-BA29-41B0-BA2D-1EC5DC8E2C94}.Debug|Any CPU.ActiveCfg = Debug|Any CPU
		{8A97EBB6-BA29-41B0-BA2D-1EC5DC8E2C94}.Debug|Any CPU.Build.0 = Debug|Any CPU
		{8A97EBB6-BA29-41B0-BA2D-1EC5DC8E2C94}.Release|Any CPU.ActiveCfg = Release|Any CPU
		{8A97EBB6-BA29-41B0-BA2D-1EC5DC8E2C94}.Release|Any CPU.Build.0 = Release|Any CPU
		{97CE2B42-7C2E-4174-8374-13811F562018}.Debug|Any CPU.ActiveCfg = Debug|Any CPU
		{97CE2B42-7C2E-4174-8374-13811F562018}.Debug|Any CPU.Build.0 = Debug|Any CPU
		{97CE2B42-7C2E-4174-8374-13811F562018}.Release|Any CPU.ActiveCfg = Release|Any CPU
		{97CE2B42-7C2E-4174-8374-13811F562018}.Release|Any CPU.Build.0 = Release|Any CPU
		{52484D8B-BCBA-48EB-BE28-D32DC3A6B461}.Debug|Any CPU.ActiveCfg = Debug|Any CPU
		{52484D8B-BCBA-48EB-BE28-D32DC3A6B461}.Debug|Any CPU.Build.0 = Debug|Any CPU
		{52484D8B-BCBA-48EB-BE28-D32DC3A6B461}.Release|Any CPU.ActiveCfg = Release|Any CPU
		{52484D8B-BCBA-48EB-BE28-D32DC3A6B461}.Release|Any CPU.Build.0 = Release|Any CPU
	EndGlobalSection
	GlobalSection(SolutionProperties) = preSolution
		HideSolutionNode = FALSE
	EndGlobalSection
	GlobalSection(NestedProjects) = preSolution
		{CBBF64BF-267E-44EF-8FAA-EDCFAA8F2647} = {A8B198CE-1515-4BF9-8C11-BF602DD2DA8A}
		{FEEF32E8-957B-4D24-9837-F5D6F78DC432} = {02D6F68E-4E5C-466E-A5EF-AAE234CE91AC}
		{8A97EBB6-BA29-41B0-BA2D-1EC5DC8E2C94} = {EAAFFF3B-7D45-4AC7-AFA4-07FFC49BCA84}
		{97CE2B42-7C2E-4174-8374-13811F562018} = {EAAFFF3B-7D45-4AC7-AFA4-07FFC49BCA84}
		{52484D8B-BCBA-48EB-BE28-D32DC3A6B461} = {F2150137-9A6F-4973-AA92-5C933A8B76E5}
	EndGlobalSection
EndGlobal
